// !$*UTF8*$!
{
	archiveVersion = 1;
	classes = {
	};
	objectVersion = 54;
	objects = {

/* Begin PBXBuildFile section */
		AA000000000000000000000B /* AppDelegate.swift in Sources */ = {isa = PBXBuildFile; fileRef = AA0000000000000000000006 /* AppDelegate.swift */; };
/* End PBXBuildFile section */

/* Begin PBXFileReference section */
		AA0000000000000000000005 /* CAIm.app */ = {isa = PBXFileReference; explicitFileType = wrapper.application; includeInIndex = 0; path = CAIm.app; sourceTree = BUILT_PRODUCTS_DIR; };
		AA0000000000000000000006 /* AppDelegate.swift */ = {isa = PBXFileReference; lastKnownFileType = sourcecode.swift; path = AppDelegate.swift; sourceTree = "<group>"; };
/* End PBXFileReference section */

/* Begin PBXFrameworksBuildPhase section */
		AA0000000000000000000009 /* Frameworks */ = {
			isa = PBXFrameworksBuildPhase;
			buildActionMask = 2147483647;
			files = (
			);
			runOnlyForDeploymentPostprocessing = 0;
		};
/* End PBXFrameworksBuildPhase section */

/* Begin PBXGroup section */
		AA0000000000000000000002 = {
			isa = PBXGroup;
			children = (
				AA0000000000000000000003 /* CAIm */,
				AA0000000000000000000004 /* Products */,
			);
			sourceTree = "<group>";
		};
		AA0000000000000000000003 /* CAIm */ = {
			isa = PBXGroup;
			children = (
				AA0000000000000000000006 /* AppDelegate.swift */,
			);
			path = CAIm;
			sourceTree = "<group>";
		};
		AA0000000000000000000004 /* Products */ = {
			isa = PBXGroup;
			children = (
				AA0000000000000000000005 /* CAIm.app */,
			);
			name = Products;
			sourceTree = "<group>";
		};
/* End PBXGroup section */

/* Begin PBXNativeTarget section */
		AA0000000000000000000007 /* CAIm */ = {
			isa = PBXNativeTarget;
			buildConfigurationList = AA000000000000000000000D /* Build configuration list for PBXNativeTarget "CAIm" */;
			buildPhases = (
				AA0000000000000000000008 /* Sources */,
				AA0000000000000000000009 /* Frameworks */,
				AA000000000000000000000A /* Resources */,
			);
			buildRules = (
			);
			dependencies = (
			);
			name = CAIm;
			productName = CAIm;
			productReference = AA0000000000000000000005 /* CAIm.app */;
			productType = "com.apple.product-type.application";
		};
/* End PBXNativeTarget section */

/* Begin PBXProject section */
		AA0000000000000000000001 /* Project object */ = {
			isa = PBXProject;
			attributes = {
				LastUpgradeCheck = 1500;
				TargetAttributes = {
					AA0000000000000000000007 = {
						CreatedOnToolsVersion = 15.0;
					};
				};
			};
			buildConfigurationList = AA000000000000000000000C /* Build configuration list for PBXProject "CAIm" */;
			compatibilityVersion = "Xcode 14.0";
			developmentRegion = en;
			hasScannedForEncodings = 0;
			knownRegions = (
				en,
				Base,
			);
			mainGroup = AA0000000000000000000002;
			productRefGroup = AA0000000000000000000004 /* Products */;
			projectDirPath = "";
			projectRoot = "";
			targets = (
				AA0000000000000000000007 /* CAIm */,
			);
		};
/* End PBXProject section */

/* Begin PBXResourcesBuildPhase section */
		AA000000000000000000000A /* Resources */ = {
			isa = PBXResourcesBuildPhase;
			buildActionMask = 2147483647;
			files = (
			);
			runOnlyForDeploymentPostprocessing = 0;
		};
/* End PBXResourcesBuildPhase section */

/* Begin PBXSourcesBuildPhase section */
		AA0000000000000000000008 /* Sources */ = {
			isa = PBXSourcesBuildPhase;
			buildActionMask = 2147483647;
			files = (
				AA000000000000000000000B /* AppDelegate.swift in Sources */,
			);
			runOnlyForDeploymentPostprocessing = 0;
		};
/* End PBXSourcesBuildPhase section */

/* Begin XCBuildConfiguration section */
		AA000000000000000000000E /* Debug */ = {
			isa = XCBuildConfiguration;
			buildSettings = {
				IPHONEOS_DEPLOYMENT_TARGET = 16.4;
				SDKROOT = iphoneos;
				SWIFT_VERSION = 5.0;
			};
			name = Debug;
		};
		AA000000000000000000000F /* Release */ = {
			isa = XCBuildConfiguration;
			buildSettings = {
				IPHONEOS_DEPLOYMENT_TARGET = 16.4;
				SDKROOT = iphoneos;
				SWIFT_VERSION = 5.0;
			};
			name = Release;
		};
		AA0000000000000000000010 /* Debug */ = {
			isa = XCBuildConfiguration;
			buildSettings = {
				INFOPLIST_FILE = CAIm/Info.plist;
				IPHONEOS_DEPLOYMENT_TARGET = 16.4;
				PRODUCT_BUNDLE_IDENTIFIER = com.caim.keyboard;
				PRODUCT_NAME = CAIm;
				SWIFT_VERSION = 5.0;
			};
			name = Debug;
		};
		AA0000000000000000000011 /* Release */ = {
			isa = XCBuildConfiguration;
			buildSettings = {
				INFOPLIST_FILE = CAIm/Info.plist;
				IPHONEOS_DEPLOYMENT_TARGET = 16.4;
				PRODUCT_BUNDLE_IDENTIFIER = com.caim.keyboard;
				PRODUCT_NAME = CAIm;
				SWIFT_VERSION = 5.0;
			};
			name = Release;
		};
/* End XCBuildConfiguration section */

/* Begin XCConfigurationList section */
		AA000000000000000000000C /* Build configuration list for PBXProject "CAIm" */ = {
			isa = XCConfigurationList;
			buildConfigurations = (
				AA000000000000000000000E /* Debug */,
				AA000000000000000000000F /* Release */,
			);
			defaultConfigurationIsVisible = 0;
			defaultConfigurationName = Release;
		};
		AA000000000000000000000D /* Build configuration list for PBXNativeTarget "CAIm" */ = {
			isa = XCConfigurationList;
			buildConfigurations = (
				AA0000000000000000000010 /* Debug */,
				AA0000000000000000000011 /* Release */,
			);
			defaultConfigurationIsVisible = 0;
			defaultConfigurationName = Release;
		};
/* End XCConfigurationList section */
	};
	rootObject = AA0000000000000000000001 /* Project object */;
}
